// !$*UTF8*$!
{
	archiveVersion = 1;
	classes = {
	};
	objectVersion = 56;
	objects = {

/* Begin PBXBuildFile section */
		A0EC991A2AB22E3100EE777B /* InventoryAppApp.swift in Sources */ = {isa = PBXBuildFile; fileRef = A0EC99192AB22E3100EE777B /* InventoryAppApp.swift */; };
		A0EC991C2AB22E3100EE777B /* ContentView.swift in Sources */ = {isa = PBXBuildFile; fileRef = A0EC991B2AB22E3100EE777B /* ContentView.swift */; };
		A0EC991E2AB22E3200EE777B /* Assets.xcassets in Resources */ = {isa = PBXBuildFile; fileRef = A0EC991D2AB22E3200EE777B /* Assets.xcassets */; };
		A0EC99212AB22E3200EE777B /* Preview Assets.xcassets in Resources */ = {isa = PBXBuildFile; fileRef = A0EC99202AB22E3200EE777B /* Preview Assets.xcassets */; };
		A0EC992A2AB2343800EE777B /* InventoryView.swift in Sources */ = {isa = PBXBuildFile; fileRef = A0EC99292AB2343800EE777B /* InventoryView.swift */; };
		A0EC992C2AB2357A00EE777B /* ItemModel.swift in Sources */ = {isa = PBXBuildFile; fileRef = A0EC992B2AB2357A00EE777B /* ItemModel.swift */; };
		A0EC992E2AB238CA00EE777B /* GoogleService-Info.plist in Resources */ = {isa = PBXBuildFile; fileRef = A0EC992D2AB238C900EE777B /* GoogleService-Info.plist */; };
		A0EC99302AB2459300EE777B /* InventoryViewModel.swift in Sources */ = {isa = PBXBuildFile; fileRef = A0EC992F2AB2459300EE777B /* InventoryViewModel.swift */; };
		A0EC99322AB2474100EE777B /* AddItemView.swift in Sources */ = {isa = PBXBuildFile; fileRef = A0EC99312AB2474100EE777B /* AddItemView.swift */; };
		A0EC99342AB2491500EE777B /* AddItemViewModel.swift in Sources */ = {isa = PBXBuildFile; fileRef = A0EC99332AB2491500EE777B /* AddItemViewModel.swift */; };
		A0EC99372AB3552500EE777B /* FirebaseAuth in Frameworks */ = {isa = PBXBuildFile; productRef = A0EC99362AB3552500EE777B /* FirebaseAuth */; };
		A0EC99392AB3552500EE777B /* FirebaseAuthCombine-Community in Frameworks */ = {isa = PBXBuildFile; productRef = A0EC99382AB3552500EE777B /* FirebaseAuthCombine-Community */; };
		A0EC993B2AB3552500EE777B /* FirebaseDatabase in Frameworks */ = {isa = PBXBuildFile; productRef = A0EC993A2AB3552500EE777B /* FirebaseDatabase */; };
		A0EC993D2AB3552500EE777B /* FirebaseDatabaseSwift in Frameworks */ = {isa = PBXBuildFile; productRef = A0EC993C2AB3552500EE777B /* FirebaseDatabaseSwift */; };
		A0EC993F2AB3552500EE777B /* FirebaseDynamicLinks in Frameworks */ = {isa = PBXBuildFile; productRef = A0EC993E2AB3552500EE777B /* FirebaseDynamicLinks */; };
		A0EC99412AB3552500EE777B /* FirebaseFirestore in Frameworks */ = {isa = PBXBuildFile; productRef = A0EC99402AB3552500EE777B /* FirebaseFirestore */; };
		A0EC99432AB3552500EE777B /* FirebaseFirestoreCombine-Community in Frameworks */ = {isa = PBXBuildFile; productRef = A0EC99422AB3552500EE777B /* FirebaseFirestoreCombine-Community */; };
		A0EC99452AB3552500EE777B /* FirebaseFirestoreSwift in Frameworks */ = {isa = PBXBuildFile; productRef = A0EC99442AB3552500EE777B /* FirebaseFirestoreSwift */; };
		A0EC99472AB3552500EE777B /* FirebaseFunctions in Frameworks */ = {isa = PBXBuildFile; productRef = A0EC99462AB3552500EE777B /* FirebaseFunctions */; };
		A0EC99492AB3552500EE777B /* FirebaseFunctionsCombine-Community in Frameworks */ = {isa = PBXBuildFile; productRef = A0EC99482AB3552500EE777B /* FirebaseFunctionsCombine-Community */; };
		A0EC994B2AB3552500EE777B /* FirebaseStorage in Frameworks */ = {isa = PBXBuildFile; productRef = A0EC994A2AB3552500EE777B /* FirebaseStorage */; };
		A0EC994D2AB3552500EE777B /* FirebaseStorageCombine-Community in Frameworks */ = {isa = PBXBuildFile; productRef = A0EC994C2AB3552500EE777B /* FirebaseStorageCombine-Community */; };
		A0EC994F2AB357C000EE777B /* DataManager.swift in Sources */ = {isa = PBXBuildFile; fileRef = A0EC994E2AB357C000EE777B /* DataManager.swift */; };
/* End PBXBuildFile section */

/* Begin PBXFileReference section */
		A0EC99162AB22E3100EE777B /* InventoryApp.app */ = {isa = PBXFileReference; explicitFileType = wrapper.application; includeInIndex = 0; path = InventoryApp.app; sourceTree = BUILT_PRODUCTS_DIR; };
		A0EC99192AB22E3100EE777B /* InventoryAppApp.swift */ = {isa = PBXFileReference; lastKnownFileType = sourcecode.swift; path = InventoryAppApp.swift; sourceTree = "<group>"; };
		A0EC991B2AB22E3100EE777B /* ContentView.swift */ = {isa = PBXFileReference; lastKnownFileType = sourcecode.swift; path = ContentView.swift; sourceTree = "<group>"; };
		A0EC991D2AB22E3200EE777B /* Assets.xcassets */ = {isa = PBXFileReference; lastKnownFileType = folder.assetcatalog; path = Assets.xcassets; sourceTree = "<group>"; };
		A0EC99202AB22E3200EE777B /* Preview Assets.xcassets */ = {isa = PBXFileReference; lastKnownFileType = folder.assetcatalog; path = "Preview Assets.xcassets"; sourceTree = "<group>"; };
		A0EC99292AB2343800EE777B /* InventoryView.swift */ = {isa = PBXFileReference; lastKnownFileType = sourcecode.swift; path = InventoryView.swift; sourceTree = "<group>"; };
		A0EC992B2AB2357A00EE777B /* ItemModel.swift */ = {isa = PBXFileReference; lastKnownFileType = sourcecode.swift; path = ItemModel.swift; sourceTree = "<group>"; };
		A0EC992D2AB238C900EE777B /* GoogleService-Info.plist */ = {isa = PBXFileReference; fileEncoding = 4; lastKnownFileType = text.plist.xml; path = "GoogleService-Info.plist"; sourceTree = "<group>"; };
		A0EC992F2AB2459300EE777B /* InventoryViewModel.swift */ = {isa = PBXFileReference; lastKnownFileType = sourcecode.swift; path = InventoryViewModel.swift; sourceTree = "<group>"; };
		A0EC99312AB2474100EE777B /* AddItemView.swift */ = {isa = PBXFileReference; lastKnownFileType = sourcecode.swift; path = AddItemView.swift; sourceTree = "<group>"; };
		A0EC99332AB2491500EE777B /* AddItemViewModel.swift */ = {isa = PBXFileReference; lastKnownFileType = sourcecode.swift; path = AddItemViewModel.swift; sourceTree = "<group>"; };
		A0EC994E2AB357C000EE777B /* DataManager.swift */ = {isa = PBXFileReference; lastKnownFileType = sourcecode.swift; path = DataManager.swift; sourceTree = "<group>"; };
/* End PBXFileReference section */

/* Begin PBXFrameworksBuildPhase section */
		A0EC99132AB22E3100EE777B /* Frameworks */ = {
			isa = PBXFrameworksBuildPhase;
			buildActionMask = 2147483647;
			files = (
				A0EC993D2AB3552500EE777B /* FirebaseDatabaseSwift in Frameworks */,
				A0EC993B2AB3552500EE777B /* FirebaseDatabase in Frameworks */,
				A0EC99372AB3552500EE777B /* FirebaseAuth in Frameworks */,
				A0EC99492AB3552500EE777B /* FirebaseFunctionsCombine-Community in Frameworks */,
				A0EC99472AB3552500EE777B /* FirebaseFunctions in Frameworks */,
				A0EC99392AB3552500EE777B /* FirebaseAuthCombine-Community in Frameworks */,
				A0EC993F2AB3552500EE777B /* FirebaseDynamicLinks in Frameworks */,
				A0EC99412AB3552500EE777B /* FirebaseFirestore in Frameworks */,
				A0EC994B2AB3552500EE777B /* FirebaseStorage in Frameworks */,
				A0EC99432AB3552500EE777B /* FirebaseFirestoreCombine-Community in Frameworks */,
				A0EC994D2AB3552500EE777B /* FirebaseStorageCombine-Community in Frameworks */,
				A0EC99452AB3552500EE777B /* FirebaseFirestoreSwift in Frameworks */,
			);
			runOnlyForDeploymentPostprocessing = 0;
		};
/* End PBXFrameworksBuildPhase section */

/* Begin PBXGroup section */
		A0EC990D2AB22E3100EE777B = {
			isa = PBXGroup;
			children = (
				A0EC99182AB22E3100EE777B /* InventoryApp */,
				A0EC99172AB22E3100EE777B /* Products */,
			);
			sourceTree = "<group>";
		};
		A0EC99172AB22E3100EE777B /* Products */ = {
			isa = PBXGroup;
			children = (
				A0EC99162AB22E3100EE777B /* InventoryApp.app */,
			);
			name = Products;
			sourceTree = "<group>";
		};
		A0EC99182AB22E3100EE777B /* InventoryApp */ = {
			isa = PBXGroup;
			children = (
				A0EC99192AB22E3100EE777B /* InventoryAppApp.swift */,
				A0EC991B2AB22E3100EE777B /* ContentView.swift */,
				A0EC992B2AB2357A00EE777B /* ItemModel.swift */,
				A0EC994E2AB357C000EE777B /* DataManager.swift */,
				A0EC99292AB2343800EE777B /* InventoryView.swift */,
				A0EC99312AB2474100EE777B /* AddItemView.swift */,
				A0EC992F2AB2459300EE777B /* InventoryViewModel.swift */,
				A0EC99332AB2491500EE777B /* AddItemViewModel.swift */,
				A0EC992D2AB238C900EE777B /* GoogleService-Info.plist */,
				A0EC991D2AB22E3200EE777B /* Assets.xcassets */,
				A0EC991F2AB22E3200EE777B /* Preview Content */,
			);
			path = InventoryApp;
			sourceTree = "<group>";
		};
		A0EC991F2AB22E3200EE777B /* Preview Content */ = {
			isa = PBXGroup;
			children = (
				A0EC99202AB22E3200EE777B /* Preview Assets.xcassets */,
			);
			path = "Preview Content";
			sourceTree = "<group>";
		};
/* End PBXGroup section */

/* Begin PBXNativeTarget section */
		A0EC99152AB22E3100EE777B /* InventoryApp */ = {
			isa = PBXNativeTarget;
			buildConfigurationList = A0EC99242AB22E3200EE777B /* Build configuration list for PBXNativeTarget "InventoryApp" */;
			buildPhases = (
				A0EC99122AB22E3100EE777B /* Sources */,
				A0EC99132AB22E3100EE777B /* Frameworks */,
				A0EC99142AB22E3100EE777B /* Resources */,
			);
			buildRules = (
			);
			dependencies = (
			);
			name = InventoryApp;
			packageProductDependencies = (
				A0EC99362AB3552500EE777B /* FirebaseAuth */,
				A0EC99382AB3552500EE777B /* FirebaseAuthCombine-Community */,
				A0EC993A2AB3552500EE777B /* FirebaseDatabase */,
				A0EC993C2AB3552500EE777B /* FirebaseDatabaseSwift */,
				A0EC993E2AB3552500EE777B /* FirebaseDynamicLinks */,
				A0EC99402AB3552500EE777B /* FirebaseFirestore */,
				A0EC99422AB3552500EE777B /* FirebaseFirestoreCombine-Community */,
				A0EC99442AB3552500EE777B /* FirebaseFirestoreSwift */,
				A0EC99462AB3552500EE777B /* FirebaseFunctions */,
				A0EC99482AB3552500EE777B /* FirebaseFunctionsCombine-Community */,
				A0EC994A2AB3552500EE777B /* FirebaseStorage */,
				A0EC994C2AB3552500EE777B /* FirebaseStorageCombine-Community */,
			);
			productName = InventoryApp;
			productReference = A0EC99162AB22E3100EE777B /* InventoryApp.app */;
			productType = "com.apple.product-type.application";
		};
/* End PBXNativeTarget section */

/* Begin PBXProject section */
		A0EC990E2AB22E3100EE777B /* Project object */ = {
			isa = PBXProject;
			attributes = {
				BuildIndependentTargetsInParallel = 1;
				LastSwiftUpdateCheck = 1430;
				LastUpgradeCheck = 1430;
				TargetAttributes = {
					A0EC99152AB22E3100EE777B = {
						CreatedOnToolsVersion = 14.3;
					};
				};
			};
			buildConfigurationList = A0EC99112AB22E3100EE777B /* Build configuration list for PBXProject "InventoryApp" */;
			compatibilityVersion = "Xcode 14.0";
			developmentRegion = en;
			hasScannedForEncodings = 0;
			knownRegions = (
				en,
				Base,
			);
			mainGroup = A0EC990D2AB22E3100EE777B;
			packageReferences = (
				A0EC99352AB3552500EE777B /* XCRemoteSwiftPackageReference "firebase-ios-sdk" */,
			);
			productRefGroup = A0EC99172AB22E3100EE777B /* Products */;
			projectDirPath = "";
			projectRoot = "";
			targets = (
				A0EC99152AB22E3100EE777B /* InventoryApp */,
			);
		};
/* End PBXProject section */

/* Begin PBXResourcesBuildPhase section */
		A0EC99142AB22E3100EE777B /* Resources */ = {
			isa = PBXResourcesBuildPhase;
			buildActionMask = 2147483647;
			files = (
				A0EC99212AB22E3200EE777B /* Preview Assets.xcassets in Resources */,
				A0EC992E2AB238CA00EE777B /* GoogleService-Info.plist in Resources */,
				A0EC991E2AB22E3200EE777B /* Assets.xcassets in Resources */,
			);
			runOnlyForDeploymentPostprocessing = 0;
		};
/* End PBXResourcesBuildPhase section */

/* Begin PBXSourcesBuildPhase section */
		A0EC99122AB22E3100EE777B /* Sources */ = {
			isa = PBXSourcesBuildPhase;
			buildActionMask = 2147483647;
			files = (
				A0EC99302AB2459300EE777B /* InventoryViewModel.swift in Sources */,
				A0EC994F2AB357C000EE777B /* DataManager.swift in Sources */,
				A0EC99322AB2474100EE777B /* AddItemView.swift in Sources */,
				A0EC992A2AB2343800EE777B /* InventoryView.swift in Sources */,
				A0EC991C2AB22E3100EE777B /* ContentView.swift in Sources */,
				A0EC99342AB2491500EE777B /* AddItemViewModel.swift in Sources */,
				A0EC992C2AB2357A00EE777B /* ItemModel.swift in Sources */,
				A0EC991A2AB22E3100EE777B /* InventoryAppApp.swift in Sources */,
			);
			runOnlyForDeploymentPostprocessing = 0;
		};
/* End PBXSourcesBuildPhase section */

/* Begin XCBuildConfiguration section */
		A0EC99222AB22E3200EE777B /* Debug */ = {
			isa = XCBuildConfiguration;
			buildSettings = {
				ALWAYS_SEARCH_USER_PATHS = NO;
				CLANG_ANALYZER_NONNULL = YES;
				CLANG_ANALYZER_NUMBER_OBJECT_CONVERSION = YES_AGGRESSIVE;
				CLANG_CXX_LANGUAGE_STANDARD = "gnu++20";
				CLANG_ENABLE_MODULES = YES;
				CLANG_ENABLE_OBJC_ARC = YES;
				CLANG_ENABLE_OBJC_WEAK = YES;
				CLANG_WARN_BLOCK_CAPTURE_AUTORELEASING = YES;
				CLANG_WARN_BOOL_CONVERSION = YES;
				CLANG_WARN_COMMA = YES;
				CLANG_WARN_CONSTANT_CONVERSION = YES;
				CLANG_WARN_DEPRECATED_OBJC_IMPLEMENTATIONS = YES;
				CLANG_WARN_DIRECT_OBJC_ISA_USAGE = YES_ERROR;
				CLANG_WARN_DOCUMENTATION_COMMENTS = YES;
				CLANG_WARN_EMPTY_BODY = YES;
				CLANG_WARN_ENUM_CONVERSION = YES;
				CLANG_WARN_INFINITE_RECURSION = YES;
				CLANG_WARN_INT_CONVERSION = YES;
				CLANG_WARN_NON_LITERAL_NULL_CONVERSION = YES;
				CLANG_WARN_OBJC_IMPLICIT_RETAIN_SELF = YES;
				CLANG_WARN_OBJC_LITERAL_CONVERSION = YES;
				CLANG_WARN_OBJC_ROOT_CLASS = YES_ERROR;
				CLANG_WARN_QUOTED_INCLUDE_IN_FRAMEWORK_HEADER = YES;
				CLANG_WARN_RANGE_LOOP_ANALYSIS = YES;
				CLANG_WARN_STRICT_PROTOTYPES = YES;
				CLANG_WARN_SUSPICIOUS_MOVE = YES;
				CLANG_WARN_UNGUARDED_AVAILABILITY = YES_AGGRESSIVE;
				CLANG_WARN_UNREACHABLE_CODE = YES;
				CLANG_WARN__DUPLICATE_METHOD_MATCH = YES;
				COPY_PHASE_STRIP = NO;
				DEBUG_INFORMATION_FORMAT = dwarf;
				ENABLE_STRICT_OBJC_MSGSEND = YES;
				ENABLE_TESTABILITY = YES;
				GCC_C_LANGUAGE_STANDARD = gnu11;
				GCC_DYNAMIC_NO_PIC = NO;
				GCC_NO_COMMON_BLOCKS = YES;
				GCC_OPTIMIZATION_LEVEL = 0;
				GCC_PREPROCESSOR_DEFINITIONS = (
					"DEBUG=1",
					"$(inherited)",
				);
				GCC_WARN_64_TO_32_BIT_CONVERSION = YES;
				GCC_WARN_ABOUT_RETURN_TYPE = YES_ERROR;
				GCC_WARN_UNDECLARED_SELECTOR = YES;
				GCC_WARN_UNINITIALIZED_AUTOS = YES_AGGRESSIVE;
				GCC_WARN_UNUSED_FUNCTION = YES;
				GCC_WARN_UNUSED_VARIABLE = YES;
				IPHONEOS_DEPLOYMENT_TARGET = 16.4;
				MTL_ENABLE_DEBUG_INFO = INCLUDE_SOURCE;
				MTL_FAST_MATH = YES;
				ONLY_ACTIVE_ARCH = YES;
				SDKROOT = iphoneos;
				SWIFT_ACTIVE_COMPILATION_CONDITIONS = DEBUG;
				SWIFT_OPTIMIZATION_LEVEL = "-Onone";
			};
			name = Debug;
		};
		A0EC99232AB22E3200EE777B /* Release */ = {
			isa = XCBuildConfiguration;
			buildSettings = {
				ALWAYS_SEARCH_USER_PATHS = NO;
				CLANG_ANALYZER_NONNULL = YES;
				CLANG_ANALYZER_NUMBER_OBJECT_CONVERSION = YES_AGGRESSIVE;
				CLANG_CXX_LANGUAGE_STANDARD = "gnu++20";
				CLANG_ENABLE_MODULES = YES;
				CLANG_ENABLE_OBJC_ARC = YES;
				CLANG_ENABLE_OBJC_WEAK = YES;
				CLANG_WARN_BLOCK_CAPTURE_AUTORELEASING = YES;
				CLANG_WARN_BOOL_CONVERSION = YES;
				CLANG_WARN_COMMA = YES;
				CLANG_WARN_CONSTANT_CONVERSION = YES;
				CLANG_WARN_DEPRECATED_OBJC_IMPLEMENTATIONS = YES;
				CLANG_WARN_DIRECT_OBJC_ISA_USAGE = YES_ERROR;
				CLANG_WARN_DOCUMENTATION_COMMENTS = YES;
				CLANG_WARN_EMPTY_BODY = YES;
				CLANG_WARN_ENUM_CONVERSION = YES;
				CLANG_WARN_INFINITE_RECURSION = YES;
				CLANG_WARN_INT_CONVERSION = YES;
				CLANG_WARN_NON_LITERAL_NULL_CONVERSION = YES;
				CLANG_WARN_OBJC_IMPLICIT_RETAIN_SELF = YES;
				CLANG_WARN_OBJC_LITERAL_CONVERSION = YES;
				CLANG_WARN_OBJC_ROOT_CLASS = YES_ERROR;
				CLANG_WARN_QUOTED_INCLUDE_IN_FRAMEWORK_HEADER = YES;
				CLANG_WARN_RANGE_LOOP_ANALYSIS = YES;
				CLANG_WARN_STRICT_PROTOTYPES = YES;
				CLANG_WARN_SUSPICIOUS_MOVE = YES;
				CLANG_WARN_UNGUARDED_AVAILABILITY = YES_AGGRESSIVE;
				CLANG_WARN_UNREACHABLE_CODE = YES;
				CLANG_WARN__DUPLICATE_METHOD_MATCH = YES;
				COPY_PHASE_STRIP = NO;
				DEBUG_INFORMATION_FORMAT = "dwarf-with-dsym";
				ENABLE_NS_ASSERTIONS = NO;
				ENABLE_STRICT_OBJC_MSGSEND = YES;
				GCC_C_LANGUAGE_STANDARD = gnu11;
				GCC_NO_COMMON_BLOCKS = YES;
				GCC_WARN_64_TO_32_BIT_CONVERSION = YES;
				GCC_WARN_ABOUT_RETURN_TYPE = YES_ERROR;
				GCC_WARN_UNDECLARED_SELECTOR = YES;
				GCC_WARN_UNINITIALIZED_AUTOS = YES_AGGRESSIVE;
				GCC_WARN_UNUSED_FUNCTION = YES;
				GCC_WARN_UNUSED_VARIABLE = YES;
				IPHONEOS_DEPLOYMENT_TARGET = 16.4;
				MTL_ENABLE_DEBUG_INFO = NO;
				MTL_FAST_MATH = YES;
				SDKROOT = iphoneos;
				SWIFT_COMPILATION_MODE = wholemodule;
				SWIFT_OPTIMIZATION_LEVEL = "-O";
				VALIDATE_PRODUCT = YES;
			};
			name = Release;
		};
		A0EC99252AB22E3200EE777B /* Debug */ = {
			isa = XCBuildConfiguration;
			buildSettings = {
				ASSETCATALOG_COMPILER_APPICON_NAME = AppIcon;
				ASSETCATALOG_COMPILER_GLOBAL_ACCENT_COLOR_NAME = AccentColor;
				CODE_SIGN_STYLE = Automatic;
				CURRENT_PROJECT_VERSION = 1;
				DEVELOPMENT_ASSET_PATHS = "\"InventoryApp/Preview Content\"";
				DEVELOPMENT_TEAM = 2V9PJ4F97F;
				ENABLE_PREVIEWS = YES;
				GENERATE_INFOPLIST_FILE = YES;
				INFOPLIST_KEY_UIApplicationSceneManifest_Generation = YES;
				INFOPLIST_KEY_UIApplicationSupportsIndirectInputEvents = YES;
				INFOPLIST_KEY_UILaunchScreen_Generation = YES;
				INFOPLIST_KEY_UISupportedInterfaceOrientations_iPad = "UIInterfaceOrientationPortrait UIInterfaceOrientationPortraitUpsideDown UIInterfaceOrientationLandscapeLeft UIInterfaceOrientationLandscapeRight";
				INFOPLIST_KEY_UISupportedInterfaceOrientations_iPhone = "UIInterfaceOrientationPortrait UIInterfaceOrientationLandscapeLeft UIInterfaceOrientationLandscapeRight";
				LD_RUNPATH_SEARCH_PATHS = (
					"$(inherited)",
					"@executable_path/Frameworks",
				);
				MARKETING_VERSION = 1.0;
				PRODUCT_BUNDLE_IDENTIFIER = com.MatthewLow.InventoryApp;
				PRODUCT_NAME = "$(TARGET_NAME)";
				SWIFT_EMIT_LOC_STRINGS = YES;
				SWIFT_VERSION = 5.0;
				TARGETED_DEVICE_FAMILY = "1,2";
			};
			name = Debug;
		};
		A0EC99262AB22E3200EE777B /* Release */ = {
			isa = XCBuildConfiguration;
			buildSettings = {
				ASSETCATALOG_COMPILER_APPICON_NAME = AppIcon;
				ASSETCATALOG_COMPILER_GLOBAL_ACCENT_COLOR_NAME = AccentColor;
				CODE_SIGN_STYLE = Automatic;
				CURRENT_PROJECT_VERSION = 1;
				DEVELOPMENT_ASSET_PATHS = "\"InventoryApp/Preview Content\"";
				DEVELOPMENT_TEAM = 2V9PJ4F97F;
				ENABLE_PREVIEWS = YES;
				GENERATE_INFOPLIST_FILE = YES;
				INFOPLIST_KEY_UIApplicationSceneManifest_Generation = YES;
				INFOPLIST_KEY_UIApplicationSupportsIndirectInputEvents = YES;
				INFOPLIST_KEY_UILaunchScreen_Generation = YES;
				INFOPLIST_KEY_UISupportedInterfaceOrientations_iPad = "UIInterfaceOrientationPortrait UIInterfaceOrientationPortraitUpsideDown UIInterfaceOrientationLandscapeLeft UIInterfaceOrientationLandscapeRight";
				INFOPLIST_KEY_UISupportedInterfaceOrientations_iPhone = "UIInterfaceOrientationPortrait UIInterfaceOrientationLandscapeLeft UIInterfaceOrientationLandscapeRight";
				LD_RUNPATH_SEARCH_PATHS = (
					"$(inherited)",
					"@executable_path/Frameworks",
				);
				MARKETING_VERSION = 1.0;
				PRODUCT_BUNDLE_IDENTIFIER = com.MatthewLow.InventoryApp;
				PRODUCT_NAME = "$(TARGET_NAME)";
				SWIFT_EMIT_LOC_STRINGS = YES;
				SWIFT_VERSION = 5.0;
				TARGETED_DEVICE_FAMILY = "1,2";
			};
			name = Release;
		};
/* End XCBuildConfiguration section */

/* Begin XCConfigurationList section */
		A0EC99112AB22E3100EE777B /* Build configuration list for PBXProject "InventoryApp" */ = {
			isa = XCConfigurationList;
			buildConfigurations = (
				A0EC99222AB22E3200EE777B /* Debug */,
				A0EC99232AB22E3200EE777B /* Release */,
			);
			defaultConfigurationIsVisible = 0;
			defaultConfigurationName = Release;
		};
		A0EC99242AB22E3200EE777B /* Build configuration list for PBXNativeTarget "InventoryApp" */ = {
			isa = XCConfigurationList;
			buildConfigurations = (
				A0EC99252AB22E3200EE777B /* Debug */,
				A0EC99262AB22E3200EE777B /* Release */,
			);
			defaultConfigurationIsVisible = 0;
			defaultConfigurationName = Release;
		};
/* End XCConfigurationList section */

/* Begin XCRemoteSwiftPackageReference section */
		A0EC99352AB3552500EE777B /* XCRemoteSwiftPackageReference "firebase-ios-sdk" */ = {
			isa = XCRemoteSwiftPackageReference;
			repositoryURL = "https://github.com/firebase/firebase-ios-sdk.git";
			requirement = {
				kind = upToNextMajorVersion;
				minimumVersion = 10.0.0;
			};
		};
/* End XCRemoteSwiftPackageReference section */

/* Begin XCSwiftPackageProductDependency section */
		A0EC99362AB3552500EE777B /* FirebaseAuth */ = {
			isa = XCSwiftPackageProductDependency;
			package = A0EC99352AB3552500EE777B /* XCRemoteSwiftPackageReference "firebase-ios-sdk" */;
			productName = FirebaseAuth;
		};
		A0EC99382AB3552500EE777B /* FirebaseAuthCombine-Community */ = {
			isa = XCSwiftPackageProductDependency;
			package = A0EC99352AB3552500EE777B /* XCRemoteSwiftPackageReference "firebase-ios-sdk" */;
			productName = "FirebaseAuthCombine-Community";
		};
		A0EC993A2AB3552500EE777B /* FirebaseDatabase */ = {
			isa = XCSwiftPackageProductDependency;
			package = A0EC99352AB3552500EE777B /* XCRemoteSwiftPackageReference "firebase-ios-sdk" */;
			productName = FirebaseDatabase;
		};
		A0EC993C2AB3552500EE777B /* FirebaseDatabaseSwift */ = {
			isa = XCSwiftPackageProductDependency;
			package = A0EC99352AB3552500EE777B /* XCRemoteSwiftPackageReference "firebase-ios-sdk" */;
			productName = FirebaseDatabaseSwift;
		};
		A0EC993E2AB3552500EE777B /* FirebaseDynamicLinks */ = {
			isa = XCSwiftPackageProductDependency;
			package = A0EC99352AB3552500EE777B /* XCRemoteSwiftPackageReference "firebase-ios-sdk" */;
			productName = FirebaseDynamicLinks;
		};
		A0EC99402AB3552500EE777B /* FirebaseFirestore */ = {
			isa = XCSwiftPackageProductDependency;
			package = A0EC99352AB3552500EE777B /* XCRemoteSwiftPackageReference "firebase-ios-sdk" */;
			productName = FirebaseFirestore;
		};
		A0EC99422AB3552500EE777B /* FirebaseFirestoreCombine-Community */ = {
			isa = XCSwiftPackageProductDependency;
			package = A0EC99352AB3552500EE777B /* XCRemoteSwiftPackageReference "firebase-ios-sdk" */;
			productName = "FirebaseFirestoreCombine-Community";
		};
		A0EC99442AB3552500EE777B /* FirebaseFirestoreSwift */ = {
			isa = XCSwiftPackageProductDependency;
			package = A0EC99352AB3552500EE777B /* XCRemoteSwiftPackageReference "firebase-ios-sdk" */;
			productName = FirebaseFirestoreSwift;
		};
		A0EC99462AB3552500EE777B /* FirebaseFunctions */ = {
			isa = XCSwiftPackageProductDependency;
			package = A0EC99352AB3552500EE777B /* XCRemoteSwiftPackageReference "firebase-ios-sdk" */;
			productName = FirebaseFunctions;
		};
		A0EC99482AB3552500EE777B /* FirebaseFunctionsCombine-Community */ = {
			isa = XCSwiftPackageProductDependency;
			package = A0EC99352AB3552500EE777B /* XCRemoteSwiftPackageReference "firebase-ios-sdk" */;
			productName = "FirebaseFunctionsCombine-Community";
		};
		A0EC994A2AB3552500EE777B /* FirebaseStorage */ = {
			isa = XCSwiftPackageProductDependency;
			package = A0EC99352AB3552500EE777B /* XCRemoteSwiftPackageReference "firebase-ios-sdk" */;
			productName = FirebaseStorage;
		};
		A0EC994C2AB3552500EE777B /* FirebaseStorageCombine-Community */ = {
			isa = XCSwiftPackageProductDependency;
			package = A0EC99352AB3552500EE777B /* XCRemoteSwiftPackageReference "firebase-ios-sdk" */;
			productName = "FirebaseStorageCombine-Community";
		};
/* End XCSwiftPackageProductDependency section */
	};
	rootObject = A0EC990E2AB22E3100EE777B /* Project object */;
}
